<?xml version="1.0" encoding="UTF-8" standalone="yes" ?>
<CodeBlocks_project_file>
	<FileVersion major="1" minor="6" />
	<Project>
		<Option title="Hough_transform_circle" />
		<Option pch_mode="2" />
		<Option compiler="gcc" />
		<Build>
			<Target title="Debug">
				<Option output="bin/Debug/Hough_transform_circle" prefix_auto="1" extension_auto="1" />
				<Option object_output="obj/Debug/" />
				<Option type="1" />
				<Option compiler="gcc" />
				<Compiler>
					<Add option="-g" />
					<Add directory="C:/Program Files (x86)/CodeBlocks/MinGW/include/opencv" />
				</Compiler>
				<Linker>
					<Add library="C:/Program Files (x86)/CodeBlocks/MinGW/lib/libopencv_calib3d2413.dll.a" />
					<Add library="C:/Program Files (x86)/CodeBlocks/MinGW/lib/libopencv_contrib2413.dll.a" />
					<Add library="C:/Program Files (x86)/CodeBlocks/MinGW/lib/libopencv_core2413.dll.a" />
					<Add library="C:/Program Files (x86)/CodeBlocks/MinGW/lib/libopencv_features2d2413.dll.a" />
					<Add library="C:/Program Files (x86)/CodeBlocks/MinGW/lib/libopencv_flann2413.dll.a" />
					<Add library="C:/Program Files (x86)/CodeBlocks/MinGW/lib/libopencv_gpu2413.dll.a" />
					<Add library="C:/Program Files (x86)/CodeBlocks/MinGW/lib/libopencv_highgui2413.dll.a" />
					<Add library="C:/Program Files (x86)/CodeBlocks/MinGW/lib/libopencv_imgproc2413.dll.a" />
					<Add library="C:/Program Files (x86)/CodeBlocks/MinGW/lib/libopencv_legacy2413.dll.a" />
					<Add library="C:/Program Files (x86)/CodeBlocks/MinGW/lib/libopencv_ml2413.dll.a" />
					<Add library="C:/Program Files (x86)/CodeBlocks/MinGW/lib/libopencv_nonfree2413.dll.a" />
					<Add library="C:/Program Files (x86)/CodeBlocks/MinGW/lib/libopencv_objdetect2413.dll.a" />
					<Add library="C:/Program Files (x86)/CodeBlocks/MinGW/lib/libopencv_ocl2413.dll.a" />
					<Add library="C:/Program Files (x86)/CodeBlocks/MinGW/lib/libopencv_photo2413.dll.a" />
					<Add library="C:/Program Files (x86)/CodeBlocks/MinGW/lib/libopencv_stitching2413.dll.a" />
					<Add library="C:/Program Files (x86)/CodeBlocks/MinGW/lib/libopencv_superres2413.dll.a" />
					<Add library="C:/Program Files (x86)/CodeBlocks/MinGW/lib/libopencv_ts2413.a" />
					<Add library="C:/Program Files (x86)/CodeBlocks/MinGW/lib/libopencv_video2413.dll.a" />
					<Add library="C:/Program Files (x86)/CodeBlocks/MinGW/lib/libopencv_videostab2413.dll.a" />
					<Add directory="C:/Program Files (x86)/CodeBlocks/MinGW/lib" />
				</Linker>
			</Target>
			<Target title="Release">
				<Option output="bin/Release/Hough_transform_circle" prefix_auto="1" extension_auto="1" />
				<Option object_output="obj/Release/" />
				<Option type="1" />
				<Option compiler="gcc" />
				<Compiler>
					<Add option="-O2" />
				</Compiler>
				<Linker>
					<Add option="-s" />
				</Linker>
			</Target>
		</Build>
		<Compiler>
			<Add option="-Wall" />
		</Compiler>
		<Unit filename="sources/codeblocks_environment.h" />
		<Unit filename="sources/convolution.c">
			<Option compilerVar="CC" />
		</Unit>
		<Unit filename="sources/convolution.h" />
		<Unit filename="sources/filters.c">
			<Option compilerVar="CC" />
		</Unit>
		<Unit filename="sources/filters.h" />
		<Unit filename="sources/imageUtilities.c">
			<Option compilerVar="CC" />
		</Unit>
		<Unit filename="sources/imageUtilities.h" />
		<Unit filename="sources/pixelMatrix.c">
			<Option compilerVar="CC" />
		</Unit>
		<Unit filename="sources/pixelMatrix.h" />
		<Unit filename="tests/image1.pgm" />
		<Unit filename="tests/image2.pgm" />
		<Unit filename="tests/image3.pgm" />
		<Unit filename="tests/image4.pgm" />
		<Unit filename="tests/image5.pgm" />
		<Unit filename="tests/image6.pgm" />
		<Unit filename="tests/imageTests.c">
			<Option compilerVar="CC" />
		</Unit>
		<Extensions>
			<code_completion />
			<envvars />
			<debugger />
			<lib_finder disable_auto="1" />
		</Extensions>
	</Project>
</CodeBlocks_project_file>
